
Microsoft Visual Studio Solution File, Format Version 12.00
# Visual Studio Version 17
VisualStudioVersion = 17.3.32929.385
MinimumVisualStudioVersion = 10.0.40219.1
Project("{FAE04EC0-301F-11D3-BF4B-00C04F79EFBC}") = "exoLambaExpressions", "exoLambaExpressions.csproj", "{26D84C1D-EF3E-44A4-8DCE-D30BB45B71DE}"
EndProject
Global
	GlobalSection(SolutionConfigurationPlatforms) = preSolution
		Debug|Any CPU = Debug|Any CPU
		Release|Any CPU = Release|Any CPU
	EndGlobalSection
	GlobalSection(ProjectConfigurationPlatforms) = postSolution
		{26D84C1D-EF3E-44A4-8DCE-D30BB45B71DE}.Debug|Any CPU.ActiveCfg = Debug|Any CPU
		{26D84C1D-EF3E-44A4-8DCE-D30BB45B71DE}.Debug|Any CPU.Build.0 = Debug|Any CPU
		{26D84C1D-EF3E-44A4-8DCE-D30BB45B71DE}.Release|Any CPU.ActiveCfg = Release|Any CPU
		{26D84C1D-EF3E-44A4-8DCE-D30BB45B71DE}.Release|Any CPU.Build.0 = Release|Any CPU
	EndGlobalSection
	GlobalSection(SolutionProperties) = preSolution
		HideSolutionNode = FALSE
	EndGlobalSection
	GlobalSection(ExtensibilityGlobals) = postSolution
		SolutionGuid = {6D49B1E1-BA42-4A6F-8519-06E930CB16CD}
	EndGlobalSection
EndGlobal
